
Microsoft Visual Studio Solution File, Format Version 12.00
# Visual Studio Version 17
VisualStudioVersion = 17.3.32922.545
MinimumVisualStudioVersion = 10.0.40219.1
Project("{FAE04EC0-301F-11D3-BF4B-00C04F79EFBC}") = "HammingCodeDemo", "HammingCodeDemo\HammingCodeDemo.csproj", "{4BB3FDD5-303A-422C-B4E8-E8269C06FB16}"
EndProject
Global
	GlobalSection(SolutionConfigurationPlatforms) = preSolution
		Debug|Any CPU = Debug|Any CPU
		Release|Any CPU = Release|Any CPU
	EndGlobalSection
	GlobalSection(ProjectConfigurationPlatforms) = postSolution
		{4BB3FDD5-303A-422C-B4E8-E8269C06FB16}.Debug|Any CPU.ActiveCfg = Debug|Any CPU
		{4BB3FDD5-303A-422C-B4E8-E8269C06FB16}.Debug|Any CPU.Build.0 = Debug|Any CPU
		{4BB3FDD5-303A-422C-B4E8-E8269C06FB16}.Release|Any CPU.ActiveCfg = Release|Any CPU
		{4BB3FDD5-303A-422C-B4E8-E8269C06FB16}.Release|Any CPU.Build.0 = Release|Any CPU
	EndGlobalSection
	GlobalSection(SolutionProperties) = preSolution
		HideSolutionNode = FALSE
	EndGlobalSection
	GlobalSection(ExtensibilityGlobals) = postSolution
		SolutionGuid = {EB5D1987-4668-4776-B6DC-3DF5EBD3300B}
	EndGlobalSection
EndGlobal
